
Microsoft Visual Studio Solution File, Format Version 12.00
# Visual Studio Version 17
VisualStudioVersion = 17.10.35408.237
MinimumVisualStudioVersion = 10.0.40219.1
Project("{9A19103F-16F7-4668-BE54-9A1E7A4F7556}") = "TinyCSharp.Compiler", "src\TinyCSharp.Compiler\TinyCSharp.Compiler.csproj", "{2D1E1E1E-1E1E-1E1E-1E1E-1E1E1E1E1E1E}"
EndProject
Project("{9A19103F-16F7-4668-BE54-9A1E7A4F7556}") = "TinyCSharp.Sample", "samples\TinyCSharp.Sample\TinyCSharp.Sample.csproj", "{3F3F3F3F-3F3F-3F3F-3F3F-3F3F3F3F3F3F}"
EndProject
Project("{2150E333-8FDC-42A3-9474-1A3956D46DE8}") = "src", "src", "{827E0CD3-B72D-47B6-A68D-7590B98EB39B}"
EndProject
Project("{2150E333-8FDC-42A3-9474-1A3956D46DE8}") = "samples", "samples", "{5D20AA90-6969-D8BD-9DCD-8634F4692FDA}"
EndProject
Project("{2150E333-8FDC-42A3-9474-1A3956D46DE8}") = "tests", "tests", "{0AB3BF05-4346-4AA6-1389-037BE0695223}"
EndProject
Project("{FAE04EC0-301F-11D3-BF4B-00C04F79EFBC}") = "TinyCSharp.Compiler.Tests", "tests\TinyCSharp.Compiler.Tests\TinyCSharp.Compiler.Tests.csproj", "{13622CF9-BBFE-4590-A4CC-1536E9B5E1FF}"
EndProject
Project("{FAE04EC0-301F-11D3-BF4B-00C04F79EFBC}") = "TinyCSharp.IntegrationTests", "tests\TinyCSharp.IntegrationTests\TinyCSharp.IntegrationTests.csproj", "{50189521-6C61-471E-A60F-65C188F041B3}"
EndProject
Global
	GlobalSection(SolutionConfigurationPlatforms) = preSolution
		Debug|Any CPU = Debug|Any CPU
		Debug|x64 = Debug|x64
		Debug|x86 = Debug|x86
		Release|Any CPU = Release|Any CPU
		Release|x64 = Release|x64
		Release|x86 = Release|x86
	EndGlobalSection
	GlobalSection(ProjectConfigurationPlatforms) = postSolution
		{2D1E1E1E-1E1E-1E1E-1E1E-1E1E1E1E1E1E}.Debug|Any CPU.ActiveCfg = Debug|Any CPU
		{2D1E1E1E-1E1E-1E1E-1E1E-1E1E1E1E1E1E}.Debug|Any CPU.Build.0 = Debug|Any CPU
		{2D1E1E1E-1E1E-1E1E-1E1E-1E1E1E1E1E1E}.Debug|x64.ActiveCfg = Debug|Any CPU
		{2D1E1E1E-1E1E-1E1E-1E1E-1E1E1E1E1E1E}.Debug|x64.Build.0 = Debug|Any CPU
		{2D1E1E1E-1E1E-1E1E-1E1E-1E1E1E1E1E1E}.Debug|x86.ActiveCfg = Debug|Any CPU
		{2D1E1E1E-1E1E-1E1E-1E1E-1E1E1E1E1E1E}.Debug|x86.Build.0 = Debug|Any CPU
		{2D1E1E1E-1E1E-1E1E-1E1E-1E1E1E1E1E1E}.Release|Any CPU.ActiveCfg = Release|Any CPU
		{2D1E1E1E-1E1E-1E1E-1E1E-1E1E1E1E1E1E}.Release|Any CPU.Build.0 = Release|Any CPU
		{2D1E1E1E-1E1E-1E1E-1E1E-1E1E1E1E1E1E}.Release|x64.ActiveCfg = Release|Any CPU
		{2D1E1E1E-1E1E-1E1E-1E1E-1E1E1E1E1E1E}.Release|x64.Build.0 = Release|Any CPU
		{2D1E1E1E-1E1E-1E1E-1E1E-1E1E1E1E1E1E}.Release|x86.ActiveCfg = Release|Any CPU
		{2D1E1E1E-1E1E-1E1E-1E1E-1E1E1E1E1E1E}.Release|x86.Build.0 = Release|Any CPU
		{3F3F3F3F-3F3F-3F3F-3F3F-3F3F3F3F3F3F}.Debug|Any CPU.ActiveCfg = Debug|Any CPU
		{3F3F3F3F-3F3F-3F3F-3F3F-3F3F3F3F3F3F}.Debug|Any CPU.Build.0 = Debug|Any CPU
		{3F3F3F3F-3F3F-3F3F-3F3F-3F3F3F3F3F3F}.Debug|x64.ActiveCfg = Debug|Any CPU
		{3F3F3F3F-3F3F-3F3F-3F3F-3F3F3F3F3F3F}.Debug|x64.Build.0 = Debug|Any CPU
		{3F3F3F3F-3F3F-3F3F-3F3F-3F3F3F3F3F3F}.Debug|x86.ActiveCfg = Debug|Any CPU
		{3F3F3F3F-3F3F-3F3F-3F3F-3F3F3F3F3F3F}.Debug|x86.Build.0 = Debug|Any CPU
		{3F3F3F3F-3F3F-3F3F-3F3F-3F3F3F3F3F3F}.Release|Any CPU.ActiveCfg = Release|Any CPU
		{3F3F3F3F-3F3F-3F3F-3F3F-3F3F3F3F3F3F}.Release|Any CPU.Build.0 = Release|Any CPU
		{3F3F3F3F-3F3F-3F3F-3F3F-3F3F3F3F3F3F}.Release|x64.ActiveCfg = Release|Any CPU
		{3F3F3F3F-3F3F-3F3F-3F3F-3F3F3F3F3F3F}.Release|x64.Build.0 = Release|Any CPU
		{3F3F3F3F-3F3F-3F3F-3F3F-3F3F3F3F3F3F}.Release|x86.ActiveCfg = Release|Any CPU
		{3F3F3F3F-3F3F-3F3F-3F3F-3F3F3F3F3F3F}.Release|x86.Build.0 = Release|Any CPU
		{13622CF9-BBFE-4590-A4CC-1536E9B5E1FF}.Debug|Any CPU.ActiveCfg = Debug|Any CPU
		{13622CF9-BBFE-4590-A4CC-1536E9B5E1FF}.Debug|Any CPU.Build.0 = Debug|Any CPU
		{13622CF9-BBFE-4590-A4CC-1536E9B5E1FF}.Debug|x64.ActiveCfg = Debug|Any CPU
		{13622CF9-BBFE-4590-A4CC-1536E9B5E1FF}.Debug|x64.Build.0 = Debug|Any CPU
		{13622CF9-BBFE-4590-A4CC-1536E9B5E1FF}.Debug|x86.ActiveCfg = Debug|Any CPU
		{13622CF9-BBFE-4590-A4CC-1536E9B5E1FF}.Debug|x86.Build.0 = Debug|Any CPU
		{13622CF9-BBFE-4590-A4CC-1536E9B5E1FF}.Release|Any CPU.ActiveCfg = Release|Any CPU
		{13622CF9-BBFE-4590-A4CC-1536E9B5E1FF}.Release|Any CPU.Build.0 = Release|Any CPU
		{13622CF9-BBFE-4590-A4CC-1536E9B5E1FF}.Release|x64.ActiveCfg = Release|Any CPU
		{13622CF9-BBFE-4590-A4CC-1536E9B5E1FF}.Release|x64.Build.0 = Release|Any CPU
		{13622CF9-BBFE-4590-A4CC-1536E9B5E1FF}.Release|x86.ActiveCfg = Release|Any CPU
		{13622CF9-BBFE-4590-A4CC-1536E9B5E1FF}.Release|x86.Build.0 = Release|Any CPU
		{50189521-6C61-471E-A60F-65C188F041B3}.Debug|Any CPU.ActiveCfg = Debug|Any CPU
		{50189521-6C61-471E-A60F-65C188F041B3}.Debug|Any CPU.Build.0 = Debug|Any CPU
		{50189521-6C61-471E-A60F-65C188F041B3}.Debug|x64.ActiveCfg = Debug|Any CPU
		{50189521-6C61-471E-A60F-65C188F041B3}.Debug|x64.Build.0 = Debug|Any CPU
		{50189521-6C61-471E-A60F-65C188F041B3}.Debug|x86.ActiveCfg = Debug|Any CPU
		{50189521-6C61-471E-A60F-65C188F041B3}.Debug|x86.Build.0 = Debug|Any CPU
		{50189521-6C61-471E-A60F-65C188F041B3}.Release|Any CPU.ActiveCfg = Release|Any CPU
		{50189521-6C61-471E-A60F-65C188F041B3}.Release|Any CPU.Build.0 = Release|Any CPU
		{50189521-6C61-471E-A60F-65C188F041B3}.Release|x64.ActiveCfg = Release|Any CPU
		{50189521-6C61-471E-A60F-65C188F041B3}.Release|x64.Build.0 = Release|Any CPU
		{50189521-6C61-471E-A60F-65C188F041B3}.Release|x86.ActiveCfg = Release|Any CPU
		{50189521-6C61-471E-A60F-65C188F041B3}.Release|x86.Build.0 = Release|Any CPU
	EndGlobalSection
	GlobalSection(SolutionProperties) = preSolution
		HideSolutionNode = FALSE
	EndGlobalSection
	GlobalSection(NestedProjects) = preSolution
		{13622CF9-BBFE-4590-A4CC-1536E9B5E1FF} = {0AB3BF05-4346-4AA6-1389-037BE0695223}
		{50189521-6C61-471E-A60F-65C188F041B3} = {0AB3BF05-4346-4AA6-1389-037BE0695223}
	EndGlobalSection
EndGlobal
